// !$*UTF8*$!
{
	archiveVersion = 1;
	classes = {
	};
	objectVersion = 50;
	objects = {

/* Begin PBXBuildFile section */
		2C25E6592754C28D00DEDEEB /* AppDelegate.swift in Sources */ = {isa = PBXBuildFile; fileRef = 2C25E6582754C28D00DEDEEB /* AppDelegate.swift */; };
		2C25E65B2754C28D00DEDEEB /* SceneDelegate.swift in Sources */ = {isa = PBXBuildFile; fileRef = 2C25E65A2754C28D00DEDEEB /* SceneDelegate.swift */; };
		2C25E65D2754C28D00DEDEEB /* ViewController.swift in Sources */ = {isa = PBXBuildFile; fileRef = 2C25E65C2754C28D00DEDEEB /* ViewController.swift */; };
		2C25E6602754C28D00DEDEEB /* Main.storyboard in Resources */ = {isa = PBXBuildFile; fileRef = 2C25E65E2754C28D00DEDEEB /* Main.storyboard */; };
		2C25E6622754C29000DEDEEB /* Assets.xcassets in Resources */ = {isa = PBXBuildFile; fileRef = 2C25E6612754C29000DEDEEB /* Assets.xcassets */; };
		2C25E6652754C29000DEDEEB /* LaunchScreen.storyboard in Resources */ = {isa = PBXBuildFile; fileRef = 2C25E6632754C29000DEDEEB /* LaunchScreen.storyboard */; };
		2C25E66E2754C46B00DEDEEB /* ExampleTableViewCell.swift in Sources */ = {isa = PBXBuildFile; fileRef = 2C25E66C2754C46B00DEDEEB /* ExampleTableViewCell.swift */; };
		2C25E66F2754C46B00DEDEEB /* ExampleTableViewCell.xib in Resources */ = {isa = PBXBuildFile; fileRef = 2C25E66D2754C46B00DEDEEB /* ExampleTableViewCell.xib */; };
/* End PBXBuildFile section */

/* Begin PBXFileReference section */
		2C25E6552754C28D00DEDEEB /* TableView_CustomCell.app */ = {isa = PBXFileReference; explicitFileType = wrapper.application; includeInIndex = 0; path = TableView_CustomCell.app; sourceTree = BUILT_PRODUCTS_DIR; };
		2C25E6582754C28D00DEDEEB /* AppDelegate.swift */ = {isa = PBXFileReference; lastKnownFileType = sourcecode.swift; path = AppDelegate.swift; sourceTree = "<group>"; };
		2C25E65A2754C28D00DEDEEB /* SceneDelegate.swift */ = {isa = PBXFileReference; lastKnownFileType = sourcecode.swift; path = SceneDelegate.swift; sourceTree = "<group>"; };
		2C25E65C2754C28D00DEDEEB /* ViewController.swift */ = {isa = PBXFileReference; lastKnownFileType = sourcecode.swift; path = ViewController.swift; sourceTree = "<group>"; };
		2C25E65F2754C28D00DEDEEB /* Base */ = {isa = PBXFileReference; lastKnownFileType = file.storyboard; name = Base; path = Base.lproj/Main.storyboard; sourceTree = "<group>"; };
		2C25E6612754C29000DEDEEB /* Assets.xcassets */ = {isa = PBXFileReference; lastKnownFileType = folder.assetcatalog; path = Assets.xcassets; sourceTree = "<group>"; };
		2C25E6642754C29000DEDEEB /* Base */ = {isa = PBXFileReference; lastKnownFileType = file.storyboard; name = Base; path = Base.lproj/LaunchScreen.storyboard; sourceTree = "<group>"; };
		2C25E6662754C29000DEDEEB /* Info.plist */ = {isa = PBXFileReference; lastKnownFileType = text.plist.xml; path = Info.plist; sourceTree = "<group>"; };
		2C25E66C2754C46B00DEDEEB /* ExampleTableViewCell.swift */ = {isa = PBXFileReference; lastKnownFileType = sourcecode.swift; path = ExampleTableViewCell.swift; sourceTree = "<group>"; };
		2C25E66D2754C46B00DEDEEB /* ExampleTableViewCell.xib */ = {isa = PBXFileReference; lastKnownFileType = file.xib; path = ExampleTableViewCell.xib; sourceTree = "<group>"; };
/* End PBXFileReference section */

/* Begin PBXFrameworksBuildPhase section */
		2C25E6522754C28D00DEDEEB /* Frameworks */ = {
			isa = PBXFrameworksBuildPhase;
			buildActionMask = 2147483647;
			files = (
			);
			runOnlyForDeploymentPostprocessing = 0;
		};
/* End PBXFrameworksBuildPhase section */

/* Begin PBXGroup section */
		2C25E64C2754C28D00DEDEEB = {
			isa = PBXGroup;
			children = (
				2C25E6572754C28D00DEDEEB /* TableView_CustomCell */,
				2C25E6562754C28D00DEDEEB /* Products */,
			);
			sourceTree = "<group>";
		};
		2C25E6562754C28D00DEDEEB /* Products */ = {
			isa = PBXGroup;
			children = (
				2C25E6552754C28D00DEDEEB /* TableView_CustomCell.app */,
			);
			name = Products;
			sourceTree = "<group>";
		};
		2C25E6572754C28D00DEDEEB /* TableView_CustomCell */ = {
			isa = PBXGroup;
			children = (
				2C25E6582754C28D00DEDEEB /* AppDelegate.swift */,
				2C25E65A2754C28D00DEDEEB /* SceneDelegate.swift */,
				2C25E65C2754C28D00DEDEEB /* ViewController.swift */,
				2C25E66C2754C46B00DEDEEB /* ExampleTableViewCell.swift */,
				2C25E66D2754C46B00DEDEEB /* ExampleTableViewCell.xib */,
				2C25E65E2754C28D00DEDEEB /* Main.storyboard */,
				2C25E6612754C29000DEDEEB /* Assets.xcassets */,
				2C25E6632754C29000DEDEEB /* LaunchScreen.storyboard */,
				2C25E6662754C29000DEDEEB /* Info.plist */,
			);
			path = TableView_CustomCell;
			sourceTree = "<group>";
		};
/* End PBXGroup section */

/* Begin PBXNativeTarget section */
		2C25E6542754C28D00DEDEEB /* TableView_CustomCell */ = {
			isa = PBXNativeTarget;
			buildConfigurationList = 2C25E6692754C29000DEDEEB /* Build configuration list for PBXNativeTarget "TableView_CustomCell" */;
			buildPhases = (
				2C25E6512754C28D00DEDEEB /* Sources */,
				2C25E6522754C28D00DEDEEB /* Frameworks */,
				2C25E6532754C28D00DEDEEB /* Resources */,
			);
			buildRules = (
			);
			dependencies = (
			);
			name = TableView_CustomCell;
			productName = TableView_CustomCell;
			productReference = 2C25E6552754C28D00DEDEEB /* TableView_CustomCell.app */;
			productType = "com.apple.product-type.application";
		};
/* End PBXNativeTarget section */

/* Begin PBXProject section */
		2C25E64D2754C28D00DEDEEB /* Project object */ = {
			isa = PBXProject;
			attributes = {
				LastSwiftUpdateCheck = 1250;
				LastUpgradeCheck = 1250;
				TargetAttributes = {
					2C25E6542754C28D00DEDEEB = {
						CreatedOnToolsVersion = 12.5;
					};
				};
			};
			buildConfigurationList = 2C25E6502754C28D00DEDEEB /* Build configuration list for PBXProject "TableView_CustomCell" */;
			compatibilityVersion = "Xcode 9.3";
			developmentRegion = en;
			hasScannedForEncodings = 0;
			knownRegions = (
				en,
				Base,
			);
			mainGroup = 2C25E64C2754C28D00DEDEEB;
			productRefGroup = 2C25E6562754C28D00DEDEEB /* Products */;
			projectDirPath = "";
			projectRoot = "";
			targets = (
				2C25E6542754C28D00DEDEEB /* TableView_CustomCell */,
			);
		};
/* End PBXProject section */

/* Begin PBXResourcesBuildPhase section */
		2C25E6532754C28D00DEDEEB /* Resources */ = {
			isa = PBXResourcesBuildPhase;
			buildActionMask = 2147483647;
			files = (
				2C25E66F2754C46B00DEDEEB /* ExampleTableViewCell.xib in Resources */,
				2C25E6652754C29000DEDEEB /* LaunchScreen.storyboard in Resources */,
				2C25E6622754C29000DEDEEB /* Assets.xcassets in Resources */,
				2C25E6602754C28D00DEDEEB /* Main.storyboard in Resources */,
			);
			runOnlyForDeploymentPostprocessing = 0;
		};
/* End PBXResourcesBuildPhase section */

/* Begin PBXSourcesBuildPhase section */
		2C25E6512754C28D00DEDEEB /* Sources */ = {
			isa = PBXSourcesBuildPhase;
			buildActionMask = 2147483647;
			files = (
				2C25E66E2754C46B00DEDEEB /* ExampleTableViewCell.swift in Sources */,
				2C25E65D2754C28D00DEDEEB /* ViewController.swift in Sources */,
				2C25E6592754C28D00DEDEEB /* AppDelegate.swift in Sources */,
				2C25E65B2754C28D00DEDEEB /* SceneDelegate.swift in Sources */,
			);
			runOnlyForDeploymentPostprocessing = 0;
		};
/* End PBXSourcesBuildPhase section */

/* Begin PBXVariantGroup section */
		2C25E65E2754C28D00DEDEEB /* Main.storyboard */ = {
			isa = PBXVariantGroup;
			children = (
				2C25E65F2754C28D00DEDEEB /* Base */,
			);
			name = Main.storyboard;
			sourceTree = "<group>";
		};
		2C25E6632754C29000DEDEEB /* LaunchScreen.storyboard */ = {
			isa = PBXVariantGroup;
			children = (
				2C25E6642754C29000DEDEEB /* Base */,
			);
			name = LaunchScreen.storyboard;
			sourceTree = "<group>";
		};
/* End PBXVariantGroup section */

/* Begin XCBuildConfiguration section */
		2C25E6672754C29000DEDEEB /* Debug */ = {
			isa = XCBuildConfiguration;
			buildSettings = {
				ALWAYS_SEARCH_USER_PATHS = NO;
				CLANG_ANALYZER_NONNULL = YES;
				CLANG_ANALYZER_NUMBER_OBJECT_CONVERSION = YES_AGGRESSIVE;
				CLANG_CXX_LANGUAGE_STANDARD = "gnu++14";
				CLANG_CXX_LIBRARY = "libc++";
				CLANG_ENABLE_MODULES = YES;
				CLANG_ENABLE_OBJC_ARC = YES;
				CLANG_ENABLE_OBJC_WEAK = YES;
				CLANG_WARN_BLOCK_CAPTURE_AUTORELEASING = YES;
				CLANG_WARN_BOOL_CONVERSION = YES;
				CLANG_WARN_COMMA = YES;
				CLANG_WARN_CONSTANT_CONVERSION = YES;
				CLANG_WARN_DEPRECATED_OBJC_IMPLEMENTATIONS = YES;
				CLANG_WARN_DIRECT_OBJC_ISA_USAGE = YES_ERROR;
				CLANG_WARN_DOCUMENTATION_COMMENTS = YES;
				CLANG_WARN_EMPTY_BODY = YES;
				CLANG_WARN_ENUM_CONVERSION = YES;
				CLANG_WARN_INFINITE_RECURSION = YES;
				CLANG_WARN_INT_CONVERSION = YES;
				CLANG_WARN_NON_LITERAL_NULL_CONVERSION = YES;
				CLANG_WARN_OBJC_IMPLICIT_RETAIN_SELF = YES;
				CLANG_WARN_OBJC_LITERAL_CONVERSION = YES;
				CLANG_WARN_OBJC_ROOT_CLASS = YES_ERROR;
				CLANG_WARN_QUOTED_INCLUDE_IN_FRAMEWORK_HEADER = YES;
				CLANG_WARN_RANGE_LOOP_ANALYSIS = YES;
				CLANG_WARN_STRICT_PROTOTYPES = YES;
				CLANG_WARN_SUSPICIOUS_MOVE = YES;
				CLANG_WARN_UNGUARDED_AVAILABILITY = YES_AGGRESSIVE;
				CLANG_WARN_UNREACHABLE_CODE = YES;
				CLANG_WARN__DUPLICATE_METHOD_MATCH = YES;
				COPY_PHASE_STRIP = NO;
				DEBUG_INFORMATION_FORMAT = dwarf;
				ENABLE_STRICT_OBJC_MSGSEND = YES;
				ENABLE_TESTABILITY = YES;
				GCC_C_LANGUAGE_STANDARD = gnu11;
				GCC_DYNAMIC_NO_PIC = NO;
				GCC_NO_COMMON_BLOCKS = YES;
				GCC_OPTIMIZATION_LEVEL = 0;
				GCC_PREPROCESSOR_DEFINITIONS = (
					"DEBUG=1",
					"$(inherited)",
				);
				GCC_WARN_64_TO_32_BIT_CONVERSION = YES;
				GCC_WARN_ABOUT_RETURN_TYPE = YES_ERROR;
				GCC_WARN_UNDECLARED_SELECTOR = YES;
				GCC_WARN_UNINITIALIZED_AUTOS = YES_AGGRESSIVE;
				GCC_WARN_UNUSED_FUNCTION = YES;
				GCC_WARN_UNUSED_VARIABLE = YES;
				IPHONEOS_DEPLOYMENT_TARGET = 14.5;
				MTL_ENABLE_DEBUG_INFO = INCLUDE_SOURCE;
				MTL_FAST_MATH = YES;
				ONLY_ACTIVE_ARCH = YES;
				SDKROOT = iphoneos;
				SWIFT_ACTIVE_COMPILATION_CONDITIONS = DEBUG;
				SWIFT_OPTIMIZATION_LEVEL = "-Onone";
			};
			name = Debug;
		};
		2C25E6682754C29000DEDEEB /* Release */ = {
			isa = XCBuildConfiguration;
			buildSettings = {
				ALWAYS_SEARCH_USER_PATHS = NO;
				CLANG_ANALYZER_NONNULL = YES;
				CLANG_ANALYZER_NUMBER_OBJECT_CONVERSION = YES_AGGRESSIVE;
				CLANG_CXX_LANGUAGE_STANDARD = "gnu++14";
				CLANG_CXX_LIBRARY = "libc++";
				CLANG_ENABLE_MODULES = YES;
				CLANG_ENABLE_OBJC_ARC = YES;
				CLANG_ENABLE_OBJC_WEAK = YES;
				CLANG_WARN_BLOCK_CAPTURE_AUTORELEASING = YES;
				CLANG_WARN_BOOL_CONVERSION = YES;
				CLANG_WARN_COMMA = YES;
				CLANG_WARN_CONSTANT_CONVERSION = YES;
				CLANG_WARN_DEPRECATED_OBJC_IMPLEMENTATIONS = YES;
				CLANG_WARN_DIRECT_OBJC_ISA_USAGE = YES_ERROR;
				CLANG_WARN_DOCUMENTATION_COMMENTS = YES;
				CLANG_WARN_EMPTY_BODY = YES;
				CLANG_WARN_ENUM_CONVERSION = YES;
				CLANG_WARN_INFINITE_RECURSION = YES;
				CLANG_WARN_INT_CONVERSION = YES;
				CLANG_WARN_NON_LITERAL_NULL_CONVERSION = YES;
				CLANG_WARN_OBJC_IMPLICIT_RETAIN_SELF = YES;
				CLANG_WARN_OBJC_LITERAL_CONVERSION = YES;
				CLANG_WARN_OBJC_ROOT_CLASS = YES_ERROR;
				CLANG_WARN_QUOTED_INCLUDE_IN_FRAMEWORK_HEADER = YES;
				CLANG_WARN_RANGE_LOOP_ANALYSIS = YES;
				CLANG_WARN_STRICT_PROTOTYPES = YES;
				CLANG_WARN_SUSPICIOUS_MOVE = YES;
				CLANG_WARN_UNGUARDED_AVAILABILITY = YES_AGGRESSIVE;
				CLANG_WARN_UNREACHABLE_CODE = YES;
				CLANG_WARN__DUPLICATE_METHOD_MATCH = YES;
				COPY_PHASE_STRIP = NO;
				DEBUG_INFORMATION_FORMAT = "dwarf-with-dsym";
				ENABLE_NS_ASSERTIONS = NO;
				ENABLE_STRICT_OBJC_MSGSEND = YES;
				GCC_C_LANGUAGE_STANDARD = gnu11;
				GCC_NO_COMMON_BLOCKS = YES;
				GCC_WARN_64_TO_32_BIT_CONVERSION = YES;
				GCC_WARN_ABOUT_RETURN_TYPE = YES_ERROR;
				GCC_WARN_UNDECLARED_SELECTOR = YES;
				GCC_WARN_UNINITIALIZED_AUTOS = YES_AGGRESSIVE;
				GCC_WARN_UNUSED_FUNCTION = YES;
				GCC_WARN_UNUSED_VARIABLE = YES;
				IPHONEOS_DEPLOYMENT_TARGET = 14.5;
				MTL_ENABLE_DEBUG_INFO = NO;
				MTL_FAST_MATH = YES;
				SDKROOT = iphoneos;
				SWIFT_COMPILATION_MODE = wholemodule;
				SWIFT_OPTIMIZATION_LEVEL = "-O";
				VALIDATE_PRODUCT = YES;
			};
			name = Release;
		};
		2C25E66A2754C29000DEDEEB /* Debug */ = {
			isa = XCBuildConfiguration;
			buildSettings = {
				ASSETCATALOG_COMPILER_APPICON_NAME = AppIcon;
				ASSETCATALOG_COMPILER_GLOBAL_ACCENT_COLOR_NAME = AccentColor;
				CODE_SIGN_STYLE = Automatic;
				DEVELOPMENT_TEAM = 3VL3B8WDHX;
				INFOPLIST_FILE = TableView_CustomCell/Info.plist;
				LD_RUNPATH_SEARCH_PATHS = (
					"$(inherited)",
					"@executable_path/Frameworks",
				);
				PRODUCT_BUNDLE_IDENTIFIER = "firstApp.TableView-CustomCell";
				PRODUCT_NAME = "$(TARGET_NAME)";
				SWIFT_VERSION = 5.0;
				TARGETED_DEVICE_FAMILY = "1,2";
			};
			name = Debug;
		};
		2C25E66B2754C29000DEDEEB /* Release */ = {
			isa = XCBuildConfiguration;
			buildSettings = {
				ASSETCATALOG_COMPILER_APPICON_NAME = AppIcon;
				ASSETCATALOG_COMPILER_GLOBAL_ACCENT_COLOR_NAME = AccentColor;
				CODE_SIGN_STYLE = Automatic;
				DEVELOPMENT_TEAM = 3VL3B8WDHX;
				INFOPLIST_FILE = TableView_CustomCell/Info.plist;
				LD_RUNPATH_SEARCH_PATHS = (
					"$(inherited)",
					"@executable_path/Frameworks",
				);
				PRODUCT_BUNDLE_IDENTIFIER = "firstApp.TableView-CustomCell";
				PRODUCT_NAME = "$(TARGET_NAME)";
				SWIFT_VERSION = 5.0;
				TARGETED_DEVICE_FAMILY = "1,2";
			};
			name = Release;
		};
/* End XCBuildConfiguration section */

/* Begin XCConfigurationList section */
		2C25E6502754C28D00DEDEEB /* Build configuration list for PBXProject "TableView_CustomCell" */ = {
			isa = XCConfigurationList;
			buildConfigurations = (
				2C25E6672754C29000DEDEEB /* Debug */,
				2C25E6682754C29000DEDEEB /* Release */,
			);
			defaultConfigurationIsVisible = 0;
			defaultConfigurationName = Release;
		};
		2C25E6692754C29000DEDEEB /* Build configuration list for PBXNativeTarget "TableView_CustomCell" */ = {
			isa = XCConfigurationList;
			buildConfigurations = (
				2C25E66A2754C29000DEDEEB /* Debug */,
				2C25E66B2754C29000DEDEEB /* Release */,
			);
			defaultConfigurationIsVisible = 0;
			defaultConfigurationName = Release;
		};
/* End XCConfigurationList section */
	};
	rootObject = 2C25E64D2754C28D00DEDEEB /* Project object */;
}
